
Microsoft Visual Studio Solution File, Format Version 12.00
# Visual Studio Version 17
VisualStudioVersion = 17.0.31919.166
MinimumVisualStudioVersion = 10.0.40219.1
Project("{2150E333-8FDC-42A3-9474-1A3956D46DE8}") = "SRC", "SRC", "{5F9AE5BF-A72D-4930-B1C1-B8401C9E73BE}"
EndProject
Project("{2150E333-8FDC-42A3-9474-1A3956D46DE8}") = "Web API", "Web API", "{5A267197-E011-4DB9-8FE2-A5F285E1B2D3}"
EndProject
Project("{2150E333-8FDC-42A3-9474-1A3956D46DE8}") = "Common", "Common", "{73CAFCEC-E9A7-403C-8273-9F6BBFB1FBEF}"
EndProject
Project("{2150E333-8FDC-42A3-9474-1A3956D46DE8}") = "Service", "Service", "{B9916D20-FDE8-4491-9535-4FDF9A0C83BA}"
EndProject
Project("{2150E333-8FDC-42A3-9474-1A3956D46DE8}") = "Repository", "Repository", "{78B79951-82C8-48AC-AD3D-E220C48C32F9}"
EndProject
Project("{2150E333-8FDC-42A3-9474-1A3956D46DE8}") = "Models", "Models", "{E18E654A-BAEC-4446-835F-98411EE58FEE}"
EndProject
Project("{FAE04EC0-301F-11D3-BF4B-00C04F79EFBC}") = "EpicPatientAPI.Model", "EpicPatientAPI.Model\EpicPatientAPI.Model.csproj", "{E2BCDB02-3A21-42A5-B57E-0164426715B6}"
EndProject
Project("{FAE04EC0-301F-11D3-BF4B-00C04F79EFBC}") = "EpicPatientAPI.Services", "EpicPatientAPI.Services\EpicPatientAPI.Services.csproj", "{E07F1115-DEED-42CE-AD2E-A2DA29578175}"
EndProject
Project("{FAE04EC0-301F-11D3-BF4B-00C04F79EFBC}") = "EpicPatientAPI.API", "EpicPatientAPI.API\EpicPatientAPI.API.csproj", "{5381121D-44F7-41DF-911C-3B4DF4A7C865}"
EndProject
Global
	GlobalSection(SolutionConfigurationPlatforms) = preSolution
		Debug|Any CPU = Debug|Any CPU
		Release|Any CPU = Release|Any CPU
	EndGlobalSection
	GlobalSection(ProjectConfigurationPlatforms) = postSolution
		{E2BCDB02-3A21-42A5-B57E-0164426715B6}.Debug|Any CPU.ActiveCfg = Debug|Any CPU
		{E2BCDB02-3A21-42A5-B57E-0164426715B6}.Debug|Any CPU.Build.0 = Debug|Any CPU
		{E2BCDB02-3A21-42A5-B57E-0164426715B6}.Release|Any CPU.ActiveCfg = Release|Any CPU
		{E2BCDB02-3A21-42A5-B57E-0164426715B6}.Release|Any CPU.Build.0 = Release|Any CPU
		{E07F1115-DEED-42CE-AD2E-A2DA29578175}.Debug|Any CPU.ActiveCfg = Debug|Any CPU
		{E07F1115-DEED-42CE-AD2E-A2DA29578175}.Debug|Any CPU.Build.0 = Debug|Any CPU
		{E07F1115-DEED-42CE-AD2E-A2DA29578175}.Release|Any CPU.ActiveCfg = Release|Any CPU
		{E07F1115-DEED-42CE-AD2E-A2DA29578175}.Release|Any CPU.Build.0 = Release|Any CPU
		{5381121D-44F7-41DF-911C-3B4DF4A7C865}.Debug|Any CPU.ActiveCfg = Debug|Any CPU
		{5381121D-44F7-41DF-911C-3B4DF4A7C865}.Debug|Any CPU.Build.0 = Debug|Any CPU
		{5381121D-44F7-41DF-911C-3B4DF4A7C865}.Release|Any CPU.ActiveCfg = Release|Any CPU
		{5381121D-44F7-41DF-911C-3B4DF4A7C865}.Release|Any CPU.Build.0 = Release|Any CPU
	EndGlobalSection
	GlobalSection(SolutionProperties) = preSolution
		HideSolutionNode = FALSE
	EndGlobalSection
	GlobalSection(NestedProjects) = preSolution
		{73CAFCEC-E9A7-403C-8273-9F6BBFB1FBEF} = {5F9AE5BF-A72D-4930-B1C1-B8401C9E73BE}
		{B9916D20-FDE8-4491-9535-4FDF9A0C83BA} = {5F9AE5BF-A72D-4930-B1C1-B8401C9E73BE}
		{78B79951-82C8-48AC-AD3D-E220C48C32F9} = {5F9AE5BF-A72D-4930-B1C1-B8401C9E73BE}
		{E18E654A-BAEC-4446-835F-98411EE58FEE} = {5F9AE5BF-A72D-4930-B1C1-B8401C9E73BE}
		{E2BCDB02-3A21-42A5-B57E-0164426715B6} = {E18E654A-BAEC-4446-835F-98411EE58FEE}
		{E07F1115-DEED-42CE-AD2E-A2DA29578175} = {B9916D20-FDE8-4491-9535-4FDF9A0C83BA}
		{5381121D-44F7-41DF-911C-3B4DF4A7C865} = {5A267197-E011-4DB9-8FE2-A5F285E1B2D3}
	EndGlobalSection
	GlobalSection(ExtensibilityGlobals) = postSolution
		SolutionGuid = {3F9D87E6-6229-47C3-A170-1125D7E1A896}
	EndGlobalSection
EndGlobal
